
Microsoft Visual Studio Solution File, Format Version 10.00
# Visual C++ Express 2008
Project("{8BC9CEB8-8B4A-11D0-8D11-00A0C91BC942}") = "yield", "share\yieldfs\share\yield\proj\yield\yield.vcproj", "{2E3F2B0E-4152-4ECB-B3C9-7A3FBDD7DFD7}"
EndProject
Project("{8BC9CEB8-8B4A-11D0-8D11-00A0C91BC942}") = "yieldfs", "share\yieldfs\proj\yieldfs\yieldfs.vcproj", "{45E2EA96-EB95-488D-BEBF-658DB15BFF3E}"
	ProjectSection(ProjectDependencies) = postProject
		{2E3F2B0E-4152-4ECB-B3C9-7A3FBDD7DFD7} = {2E3F2B0E-4152-4ECB-B3C9-7A3FBDD7DFD7}
	EndProjectSection
EndProject
Project("{8BC9CEB8-8B4A-11D0-8D11-00A0C91BC942}") = "xtreemfs-client-lib", "proj\org\xtreemfs\client\lib\xtreemfs-client-lib.vcproj", "{C9D23773-253D-46DB-A2FF-9D17A2BE659F}"
	ProjectSection(ProjectDependencies) = postProject
		{45E2EA96-EB95-488D-BEBF-658DB15BFF3E} = {45E2EA96-EB95-488D-BEBF-658DB15BFF3E}
	EndProjectSection
EndProject
Project("{8BC9CEB8-8B4A-11D0-8D11-00A0C91BC942}") = "xtfs_send", "proj\org\xtreemfs\client\bin\xtfs_send.vcproj", "{AD5E56F4-A47B-40F3-8CC0-4BEB841D4D02}"
	ProjectSection(ProjectDependencies) = postProject
		{C9D23773-253D-46DB-A2FF-9D17A2BE659F} = {C9D23773-253D-46DB-A2FF-9D17A2BE659F}
	EndProjectSection
EndProject
Project("{8BC9CEB8-8B4A-11D0-8D11-00A0C91BC942}") = "xtfs_mount", "proj\org\xtreemfs\client\bin\xtfs_mount.vcproj", "{C58BE937-9DEB-46AA-AA5F-5DD123606878}"
	ProjectSection(ProjectDependencies) = postProject
		{C9D23773-253D-46DB-A2FF-9D17A2BE659F} = {C9D23773-253D-46DB-A2FF-9D17A2BE659F}
	EndProjectSection
EndProject
Project("{8BC9CEB8-8B4A-11D0-8D11-00A0C91BC942}") = "xtfs_mkvol", "proj\org\xtreemfs\client\bin\xtfs_mkvol.vcproj", "{63D0BF95-99FA-42C7-969F-4E0EE69056F3}"
	ProjectSection(ProjectDependencies) = postProject
		{C9D23773-253D-46DB-A2FF-9D17A2BE659F} = {C9D23773-253D-46DB-A2FF-9D17A2BE659F}
	EndProjectSection
EndProject
Project("{8BC9CEB8-8B4A-11D0-8D11-00A0C91BC942}") = "xtreemfs-client-test", "proj\org\xtreemfs\client\bin\xtreemfs-client-test.vcproj", "{EAF1FEFB-7F82-46D7-A513-97BC700737FC}"
	ProjectSection(ProjectDependencies) = postProject
		{C9D23773-253D-46DB-A2FF-9D17A2BE659F} = {C9D23773-253D-46DB-A2FF-9D17A2BE659F}
	EndProjectSection
EndProject
Project("{8BC9CEB8-8B4A-11D0-8D11-00A0C91BC942}") = "xos_ams_flog", "proj\org\xtreemfs\client\policies\xos_ams_flog.vcproj", "{50C37BB2-2388-41ED-84A2-BDCC488666E0}"
EndProject
Global
	GlobalSection(SolutionConfigurationPlatforms) = preSolution
		Debug|Win32 = Debug|Win32
		Release|Win32 = Release|Win32
	EndGlobalSection
	GlobalSection(ProjectConfigurationPlatforms) = postSolution
		{2E3F2B0E-4152-4ECB-B3C9-7A3FBDD7DFD7}.Debug|Win32.ActiveCfg = Debug|Win32
		{2E3F2B0E-4152-4ECB-B3C9-7A3FBDD7DFD7}.Debug|Win32.Build.0 = Debug|Win32
		{2E3F2B0E-4152-4ECB-B3C9-7A3FBDD7DFD7}.Release|Win32.ActiveCfg = Release|Win32
		{2E3F2B0E-4152-4ECB-B3C9-7A3FBDD7DFD7}.Release|Win32.Build.0 = Release|Win32
		{45E2EA96-EB95-488D-BEBF-658DB15BFF3E}.Debug|Win32.ActiveCfg = Debug|Win32
		{45E2EA96-EB95-488D-BEBF-658DB15BFF3E}.Debug|Win32.Build.0 = Debug|Win32
		{45E2EA96-EB95-488D-BEBF-658DB15BFF3E}.Release|Win32.ActiveCfg = Release|Win32
		{45E2EA96-EB95-488D-BEBF-658DB15BFF3E}.Release|Win32.Build.0 = Release|Win32
		{C9D23773-253D-46DB-A2FF-9D17A2BE659F}.Debug|Win32.ActiveCfg = Debug|Win32
		{C9D23773-253D-46DB-A2FF-9D17A2BE659F}.Debug|Win32.Build.0 = Debug|Win32
		{C9D23773-253D-46DB-A2FF-9D17A2BE659F}.Release|Win32.ActiveCfg = Release|Win32
		{C9D23773-253D-46DB-A2FF-9D17A2BE659F}.Release|Win32.Build.0 = Release|Win32
		{AD5E56F4-A47B-40F3-8CC0-4BEB841D4D02}.Debug|Win32.ActiveCfg = Debug|Win32
		{AD5E56F4-A47B-40F3-8CC0-4BEB841D4D02}.Debug|Win32.Build.0 = Debug|Win32
		{AD5E56F4-A47B-40F3-8CC0-4BEB841D4D02}.Release|Win32.ActiveCfg = Release|Win32
		{AD5E56F4-A47B-40F3-8CC0-4BEB841D4D02}.Release|Win32.Build.0 = Release|Win32
		{C58BE937-9DEB-46AA-AA5F-5DD123606878}.Debug|Win32.ActiveCfg = Debug|Win32
		{C58BE937-9DEB-46AA-AA5F-5DD123606878}.Debug|Win32.Build.0 = Debug|Win32
		{C58BE937-9DEB-46AA-AA5F-5DD123606878}.Release|Win32.ActiveCfg = Release|Win32
		{C58BE937-9DEB-46AA-AA5F-5DD123606878}.Release|Win32.Build.0 = Release|Win32
		{63D0BF95-99FA-42C7-969F-4E0EE69056F3}.Debug|Win32.ActiveCfg = Debug|Win32
		{63D0BF95-99FA-42C7-969F-4E0EE69056F3}.Debug|Win32.Build.0 = Debug|Win32
		{63D0BF95-99FA-42C7-969F-4E0EE69056F3}.Release|Win32.ActiveCfg = Release|Win32
		{63D0BF95-99FA-42C7-969F-4E0EE69056F3}.Release|Win32.Build.0 = Release|Win32
		{EAF1FEFB-7F82-46D7-A513-97BC700737FC}.Debug|Win32.ActiveCfg = Debug|Win32
		{EAF1FEFB-7F82-46D7-A513-97BC700737FC}.Debug|Win32.Build.0 = Debug|Win32
		{EAF1FEFB-7F82-46D7-A513-97BC700737FC}.Release|Win32.ActiveCfg = Release|Win32
		{EAF1FEFB-7F82-46D7-A513-97BC700737FC}.Release|Win32.Build.0 = Release|Win32
		{50C37BB2-2388-41ED-84A2-BDCC488666E0}.Debug|Win32.ActiveCfg = Debug|Win32
		{50C37BB2-2388-41ED-84A2-BDCC488666E0}.Debug|Win32.Build.0 = Debug|Win32
		{50C37BB2-2388-41ED-84A2-BDCC488666E0}.Release|Win32.ActiveCfg = Release|Win32
		{50C37BB2-2388-41ED-84A2-BDCC488666E0}.Release|Win32.Build.0 = Release|Win32
	EndGlobalSection
	GlobalSection(SolutionProperties) = preSolution
		HideSolutionNode = FALSE
	EndGlobalSection
EndGlobal
