
Microsoft Visual Studio Solution File, Format Version 10.00
# Visual C++ Express 2008
Project("{8BC9CEB8-8B4A-11D0-8D11-00A0C91BC942}") = "google-breakpad", "proj\google-breakpad\google-breakpad.vcproj", "{AF7AE548-AC85-424F-87CD-417ECBC12291}"
EndProject
Project("{8BC9CEB8-8B4A-11D0-8D11-00A0C91BC942}") = "libxtreemfs", "proj\libxtreemfs\libxtreemfs.vcproj", "{FFA69254-B8BC-4E99-B60C-F4B96511124A}"
EndProject
Project("{8BC9CEB8-8B4A-11D0-8D11-00A0C91BC942}") = "xtfs_lsvol", "proj\xtfs_lsvol\xtfs_lsvol.vcproj", "{02C4D457-D09C-4097-B3B4-13F1086EA10F}"
	ProjectSection(ProjectDependencies) = postProject
		{AF7AE548-AC85-424F-87CD-417ECBC12291} = {AF7AE548-AC85-424F-87CD-417ECBC12291}
		{FFA69254-B8BC-4E99-B60C-F4B96511124A} = {FFA69254-B8BC-4E99-B60C-F4B96511124A}
	EndProjectSection
EndProject
Project("{8BC9CEB8-8B4A-11D0-8D11-00A0C91BC942}") = "xtfs_mkvol", "proj\xtfs_mkvol\xtfs_mkvol.vcproj", "{45FC9A01-4BBB-4D27-A9DE-F3B165DD932B}"
	ProjectSection(ProjectDependencies) = postProject
		{AF7AE548-AC85-424F-87CD-417ECBC12291} = {AF7AE548-AC85-424F-87CD-417ECBC12291}
		{FFA69254-B8BC-4E99-B60C-F4B96511124A} = {FFA69254-B8BC-4E99-B60C-F4B96511124A}
	EndProjectSection
EndProject
Project("{8BC9CEB8-8B4A-11D0-8D11-00A0C91BC942}") = "xtfs_mount", "proj\xtfs_mount\xtfs_mount.vcproj", "{9323E77E-EE3C-4B13-A763-921F6A7F52A5}"
	ProjectSection(ProjectDependencies) = postProject
		{AF7AE548-AC85-424F-87CD-417ECBC12291} = {AF7AE548-AC85-424F-87CD-417ECBC12291}
		{FFA69254-B8BC-4E99-B60C-F4B96511124A} = {FFA69254-B8BC-4E99-B60C-F4B96511124A}
	EndProjectSection
EndProject
Project("{8BC9CEB8-8B4A-11D0-8D11-00A0C91BC942}") = "xtfs_rmvol", "proj\xtfs_rmvol\xtfs_rmvol.vcproj", "{F7BCFCF3-E465-4557-A8D4-C23CE23B2400}"
	ProjectSection(ProjectDependencies) = postProject
		{AF7AE548-AC85-424F-87CD-417ECBC12291} = {AF7AE548-AC85-424F-87CD-417ECBC12291}
		{FFA69254-B8BC-4E99-B60C-F4B96511124A} = {FFA69254-B8BC-4E99-B60C-F4B96511124A}
	EndProjectSection
EndProject
Project("{8BC9CEB8-8B4A-11D0-8D11-00A0C91BC942}") = "xtfs_vivaldi", "proj\xtfs_vivaldi\xtfs_vivaldi.vcproj", "{AD5E56F4-A47B-40F3-8CC0-4BEB841D4D02}"
	ProjectSection(ProjectDependencies) = postProject
		{AF7AE548-AC85-424F-87CD-417ECBC12291} = {AF7AE548-AC85-424F-87CD-417ECBC12291}
		{FFA69254-B8BC-4E99-B60C-F4B96511124A} = {FFA69254-B8BC-4E99-B60C-F4B96511124A}
	EndProjectSection
EndProject
Global
	GlobalSection(SolutionConfigurationPlatforms) = preSolution
		Debug|Win32 = Debug|Win32
		Release|Win32 = Release|Win32
	EndGlobalSection
	GlobalSection(ProjectConfigurationPlatforms) = postSolution
		{AF7AE548-AC85-424F-87CD-417ECBC12291}.Debug|Win32.ActiveCfg = Debug|Win32
		{AF7AE548-AC85-424F-87CD-417ECBC12291}.Debug|Win32.Build.0 = Debug|Win32
		{AF7AE548-AC85-424F-87CD-417ECBC12291}.Release|Win32.ActiveCfg = Release|Win32
		{AF7AE548-AC85-424F-87CD-417ECBC12291}.Release|Win32.Build.0 = Release|Win32
		{FFA69254-B8BC-4E99-B60C-F4B96511124A}.Debug|Win32.ActiveCfg = Debug|Win32
		{FFA69254-B8BC-4E99-B60C-F4B96511124A}.Debug|Win32.Build.0 = Debug|Win32
		{FFA69254-B8BC-4E99-B60C-F4B96511124A}.Release|Win32.ActiveCfg = Release|Win32
		{FFA69254-B8BC-4E99-B60C-F4B96511124A}.Release|Win32.Build.0 = Release|Win32
		{02C4D457-D09C-4097-B3B4-13F1086EA10F}.Debug|Win32.ActiveCfg = Debug|Win32
		{02C4D457-D09C-4097-B3B4-13F1086EA10F}.Debug|Win32.Build.0 = Debug|Win32
		{02C4D457-D09C-4097-B3B4-13F1086EA10F}.Release|Win32.ActiveCfg = Release|Win32
		{02C4D457-D09C-4097-B3B4-13F1086EA10F}.Release|Win32.Build.0 = Release|Win32
		{45FC9A01-4BBB-4D27-A9DE-F3B165DD932B}.Debug|Win32.ActiveCfg = Debug|Win32
		{45FC9A01-4BBB-4D27-A9DE-F3B165DD932B}.Debug|Win32.Build.0 = Debug|Win32
		{45FC9A01-4BBB-4D27-A9DE-F3B165DD932B}.Release|Win32.ActiveCfg = Release|Win32
		{45FC9A01-4BBB-4D27-A9DE-F3B165DD932B}.Release|Win32.Build.0 = Release|Win32
		{9323E77E-EE3C-4B13-A763-921F6A7F52A5}.Debug|Win32.ActiveCfg = Debug|Win32
		{9323E77E-EE3C-4B13-A763-921F6A7F52A5}.Debug|Win32.Build.0 = Debug|Win32
		{9323E77E-EE3C-4B13-A763-921F6A7F52A5}.Release|Win32.ActiveCfg = Release|Win32
		{9323E77E-EE3C-4B13-A763-921F6A7F52A5}.Release|Win32.Build.0 = Release|Win32
		{F7BCFCF3-E465-4557-A8D4-C23CE23B2400}.Debug|Win32.ActiveCfg = Debug|Win32
		{F7BCFCF3-E465-4557-A8D4-C23CE23B2400}.Debug|Win32.Build.0 = Debug|Win32
		{F7BCFCF3-E465-4557-A8D4-C23CE23B2400}.Release|Win32.ActiveCfg = Release|Win32
		{F7BCFCF3-E465-4557-A8D4-C23CE23B2400}.Release|Win32.Build.0 = Release|Win32
		{AD5E56F4-A47B-40F3-8CC0-4BEB841D4D02}.Debug|Win32.ActiveCfg = Debug|Win32
		{AD5E56F4-A47B-40F3-8CC0-4BEB841D4D02}.Debug|Win32.Build.0 = Debug|Win32
		{AD5E56F4-A47B-40F3-8CC0-4BEB841D4D02}.Release|Win32.ActiveCfg = Release|Win32
		{AD5E56F4-A47B-40F3-8CC0-4BEB841D4D02}.Release|Win32.Build.0 = Release|Win32
	EndGlobalSection
	GlobalSection(SolutionProperties) = preSolution
		HideSolutionNode = FALSE
	EndGlobalSection
EndGlobal
